{
  "name": "@ancestable/shared",
  "version": "1.0.0",
  "lockfileVersion": 1,
  "requires": true,
  "dependencies": {
    "typescript": {
      "version": "4.4.3",
      "resolved": "https://registry.npmjs.org/typescript/-/typescript-4.4.3.tgz",
      "integrity": "sha512-4xfscpisVgqqDfPaJo5vkd+Qd/ItkoagnHpufr+i2QCHBsNYp+G7UAoyFl8aPtx879u38wPV65rZ8qbGZijalA==",
      "dev": true
    },
    "windowed-observable": {
      "version": "1.0.0",
      "resolved": "https://registry.npmjs.org/windowed-observable/-/windowed-observable-1.0.0.tgz",
      "integrity": "sha512-KZuCPUTpCRvNbcNWpDSwrjXJP5kDzuzcjo7DC80sJ0IRQWOR2OHEfGErXFKuJicYJyLTapUH6BDai7y78SX5sQ=="
    }
  }
}
